{
  "name": "matthew-garner-website",
  "version": "1.0.0",
  "lockfileVersion": 3,
  "requires": true,
  "packages": {
    "": {
      "name": "matthew-garner-website",
      "version": "1.0.0",
      "hasInstallScript": true,
      "license": "MIT",
      "engines": {
        "node": "24.x"
      }
    }
  }
}
